
Microsoft Visual Studio Solution File, Format Version 11.00
# Visual Studio 2010
Project("{FAE04EC0-301F-11D3-BF4B-00C04F79EFBC}") = "ColecticaSdkSamples", "CSharp\ColecticaSdkSamples\ColecticaSdkSamples.csproj", "{028E1373-2086-4278-B4A0-A1671FF5F7BB}"
EndProject
Project("{B373B46A-B089-44D7-96CA-CD150D098BC8}") = "ColecticaSdkSamples-Ruby", "Ruby\ColecticaSdkSamples-Ruby.rbproj", "{E6F7B26E-401E-4C9A-B0EE-C3ABED755114}"
EndProject
Global
	GlobalSection(SolutionConfigurationPlatforms) = preSolution
		Debug|Any CPU = Debug|Any CPU
		Debug|Mixed Platforms = Debug|Mixed Platforms
		Debug|x86 = Debug|x86
		Release|Any CPU = Release|Any CPU
		Release|Mixed Platforms = Release|Mixed Platforms
		Release|x86 = Release|x86
	EndGlobalSection
	GlobalSection(ProjectConfigurationPlatforms) = postSolution
		{028E1373-2086-4278-B4A0-A1671FF5F7BB}.Debug|Any CPU.ActiveCfg = Debug|x86
		{028E1373-2086-4278-B4A0-A1671FF5F7BB}.Debug|Mixed Platforms.ActiveCfg = Debug|x86
		{028E1373-2086-4278-B4A0-A1671FF5F7BB}.Debug|Mixed Platforms.Build.0 = Debug|x86
		{028E1373-2086-4278-B4A0-A1671FF5F7BB}.Debug|x86.ActiveCfg = Debug|x86
		{028E1373-2086-4278-B4A0-A1671FF5F7BB}.Debug|x86.Build.0 = Debug|x86
		{028E1373-2086-4278-B4A0-A1671FF5F7BB}.Release|Any CPU.ActiveCfg = Release|x86
		{028E1373-2086-4278-B4A0-A1671FF5F7BB}.Release|Mixed Platforms.ActiveCfg = Release|x86
		{028E1373-2086-4278-B4A0-A1671FF5F7BB}.Release|Mixed Platforms.Build.0 = Release|x86
		{028E1373-2086-4278-B4A0-A1671FF5F7BB}.Release|x86.ActiveCfg = Release|x86
		{028E1373-2086-4278-B4A0-A1671FF5F7BB}.Release|x86.Build.0 = Release|x86
		{E6F7B26E-401E-4C9A-B0EE-C3ABED755114}.Debug|Any CPU.ActiveCfg = Debug|Any CPU
		{E6F7B26E-401E-4C9A-B0EE-C3ABED755114}.Debug|Any CPU.Build.0 = Debug|Any CPU
		{E6F7B26E-401E-4C9A-B0EE-C3ABED755114}.Debug|Mixed Platforms.ActiveCfg = Debug|Any CPU
		{E6F7B26E-401E-4C9A-B0EE-C3ABED755114}.Debug|Mixed Platforms.Build.0 = Debug|Any CPU
		{E6F7B26E-401E-4C9A-B0EE-C3ABED755114}.Debug|x86.ActiveCfg = Debug|Any CPU
		{E6F7B26E-401E-4C9A-B0EE-C3ABED755114}.Release|Any CPU.ActiveCfg = Release|Any CPU
		{E6F7B26E-401E-4C9A-B0EE-C3ABED755114}.Release|Any CPU.Build.0 = Release|Any CPU
		{E6F7B26E-401E-4C9A-B0EE-C3ABED755114}.Release|Mixed Platforms.ActiveCfg = Release|Any CPU
		{E6F7B26E-401E-4C9A-B0EE-C3ABED755114}.Release|Mixed Platforms.Build.0 = Release|Any CPU
		{E6F7B26E-401E-4C9A-B0EE-C3ABED755114}.Release|x86.ActiveCfg = Release|Any CPU
	EndGlobalSection
	GlobalSection(SolutionProperties) = preSolution
		HideSolutionNode = FALSE
	EndGlobalSection
EndGlobal
